PODS:
  - DeepDiff (2.3.1)
  - DiffTableDirector (1.0.0):
    - DeepDiff (= 2.3.1)
    - SwiftLint
  - SwiftLint (0.39.2)

DEPENDENCIES:
  - DiffTableDirector (from `../`)

SPEC REPOS:
  trunk:
    - DeepDiff
    - SwiftLint

EXTERNAL SOURCES:
  DiffTableDirector:
    :path: "../"

SPEC CHECKSUMS:
  DeepDiff: e5ae6c50d0321568e4508cec5930b9f10bb293fc
  DiffTableDirector: bcc5ab13097a46071ecd7c8eedc5484fab659bd2
  SwiftLint: 22ccbbe3b8008684be5955693bab135e0ed6a447

PODFILE CHECKSUM: e3ce1943a358c8dd9dd8023e03b84a1be8cf5903

COCOAPODS: 1.9.1
