PODS:
  - SwiftLint (0.37.0)
  - TableDirector (0.1.0):
    - SwiftLint

DEPENDENCIES:
  - TableDirector (from `../`)

SPEC REPOS:
  trunk:
    - SwiftLint

EXTERNAL SOURCES:
  TableDirector:
    :path: "../"

SPEC CHECKSUMS:
  SwiftLint: c078a14d7d7ade75e5507795d185e3da41d844d2
  TableDirector: c923724262579e0b318991c88a16e1846888833a

PODFILE CHECKSUM: 38b1972148f5f19825a36f37f1c22b168c23936e

COCOAPODS: 1.9.1
